
Microsoft Visual Studio Solution File, Format Version 12.00
# Visual Studio Version 17
VisualStudioVersion = 17.9.34723.18
MinimumVisualStudioVersion = 10.0.40219.1
Project("{FAE04EC0-301F-11D3-BF4B-00C04F79EFBC}") = "WebApplication3", "WebApplication3.csproj", "{F302AAF4-6259-4E27-A125-FBAD7E22190D}"
EndProject
Global
	GlobalSection(SolutionConfigurationPlatforms) = preSolution
		Debug|Any CPU = Debug|Any CPU
		Release|Any CPU = Release|Any CPU
	EndGlobalSection
	GlobalSection(ProjectConfigurationPlatforms) = postSolution
		{F302AAF4-6259-4E27-A125-FBAD7E22190D}.Debug|Any CPU.ActiveCfg = Debug|Any CPU
		{F302AAF4-6259-4E27-A125-FBAD7E22190D}.Debug|Any CPU.Build.0 = Debug|Any CPU
		{F302AAF4-6259-4E27-A125-FBAD7E22190D}.Release|Any CPU.ActiveCfg = Release|Any CPU
		{F302AAF4-6259-4E27-A125-FBAD7E22190D}.Release|Any CPU.Build.0 = Release|Any CPU
	EndGlobalSection
	GlobalSection(SolutionProperties) = preSolution
		HideSolutionNode = FALSE
	EndGlobalSection
	GlobalSection(ExtensibilityGlobals) = postSolution
		SolutionGuid = {2ABD00AB-47A0-4CE0-B5BC-D634AA1AACD6}
	EndGlobalSection
EndGlobal
